# THIS IS AN AUTOGENERATED FILE. DO NOT EDIT THIS FILE DIRECTLY.
# yarn lockfile v1


"@joint/core@^4.0.4":
  version "4.0.4"
  resolved "https://registry.yarnpkg.com/@joint/core/-/core-4.0.4.tgz#710e908d5e9f5bb3dc31148db7b60cba2df61015"
  integrity sha512-3DaOFo1qF1lE89gl2ouVh04WFbgcQpfMBzuK11S7CZpWlc6psKPAsIkE3JbaxiI0BPdtsbolJM1xiMCIUSfDyw==
